
Microsoft Visual Studio Solution File, Format Version 12.00
# Visual Studio Version 17
VisualStudioVersion = 17.5.33530.505
MinimumVisualStudioVersion = 10.0.40219.1
Project("{9A19103F-16F7-4668-BE54-9A1E7A4F7556}") = "MixedDreams.WebAPI", "src\MixedDreams.WebAPI\MixedDreams.WebAPI.csproj", "{B1A6A61B-E810-4E55-B711-51F8A15FAB58}"
EndProject
Project("{9A19103F-16F7-4668-BE54-9A1E7A4F7556}") = "MixedDreams.Infrastructure", "src\MixedDreams.Infrastructure\MixedDreams.Infrastructure.csproj", "{DB658864-1938-4924-AC33-8B45BD6F91B3}"
EndProject
Project("{9A19103F-16F7-4668-BE54-9A1E7A4F7556}") = "MixedDreams.Application", "src\MixedDreams.Application\MixedDreams.Application.csproj", "{F0B203AC-C1DA-495C-9476-A8D6668ED399}"
EndProject
Project("{9A19103F-16F7-4668-BE54-9A1E7A4F7556}") = "MixedDreams.Domain", "src\MixedDreams.Domain\MixedDreams.Domain.csproj", "{6B9D9941-DD73-4F67-A1B9-3D0DFA147893}"
EndProject
Global
	GlobalSection(SolutionConfigurationPlatforms) = preSolution
		Debug|Any CPU = Debug|Any CPU
		Release|Any CPU = Release|Any CPU
	EndGlobalSection
	GlobalSection(ProjectConfigurationPlatforms) = postSolution
		{B1A6A61B-E810-4E55-B711-51F8A15FAB58}.Debug|Any CPU.ActiveCfg = Debug|Any CPU
		{B1A6A61B-E810-4E55-B711-51F8A15FAB58}.Debug|Any CPU.Build.0 = Debug|Any CPU
		{B1A6A61B-E810-4E55-B711-51F8A15FAB58}.Release|Any CPU.ActiveCfg = Release|Any CPU
		{B1A6A61B-E810-4E55-B711-51F8A15FAB58}.Release|Any CPU.Build.0 = Release|Any CPU
		{DB658864-1938-4924-AC33-8B45BD6F91B3}.Debug|Any CPU.ActiveCfg = Debug|Any CPU
		{DB658864-1938-4924-AC33-8B45BD6F91B3}.Debug|Any CPU.Build.0 = Debug|Any CPU
		{DB658864-1938-4924-AC33-8B45BD6F91B3}.Release|Any CPU.ActiveCfg = Release|Any CPU
		{DB658864-1938-4924-AC33-8B45BD6F91B3}.Release|Any CPU.Build.0 = Release|Any CPU
		{F0B203AC-C1DA-495C-9476-A8D6668ED399}.Debug|Any CPU.ActiveCfg = Debug|Any CPU
		{F0B203AC-C1DA-495C-9476-A8D6668ED399}.Debug|Any CPU.Build.0 = Debug|Any CPU
		{F0B203AC-C1DA-495C-9476-A8D6668ED399}.Release|Any CPU.ActiveCfg = Release|Any CPU
		{F0B203AC-C1DA-495C-9476-A8D6668ED399}.Release|Any CPU.Build.0 = Release|Any CPU
		{6B9D9941-DD73-4F67-A1B9-3D0DFA147893}.Debug|Any CPU.ActiveCfg = Debug|Any CPU
		{6B9D9941-DD73-4F67-A1B9-3D0DFA147893}.Debug|Any CPU.Build.0 = Debug|Any CPU
		{6B9D9941-DD73-4F67-A1B9-3D0DFA147893}.Release|Any CPU.ActiveCfg = Release|Any CPU
		{6B9D9941-DD73-4F67-A1B9-3D0DFA147893}.Release|Any CPU.Build.0 = Release|Any CPU
	EndGlobalSection
	GlobalSection(SolutionProperties) = preSolution
		HideSolutionNode = FALSE
	EndGlobalSection
	GlobalSection(ExtensibilityGlobals) = postSolution
		SolutionGuid = {FE24B086-6F3F-412F-B448-7DA202657E0B}
	EndGlobalSection
EndGlobal
